
Microsoft Visual Studio Solution File, Format Version 12.00
# Visual Studio Version 17
VisualStudioVersion = 17.0.31903.59
MinimumVisualStudioVersion = 10.0.40219.1
Project("{8BC9CEB8-8B4A-11D0-8D11-00A0C91BC942}") = "kdesktop", "kdesktop.vcxproj", "{6EC051FD-663C-412E-864C-60113BFC21A7}"
	ProjectSection(ProjectDependencies) = postProject
		{CD5C07CC-2E4B-4ECB-83E8-498A0624EC5F} = {CD5C07CC-2E4B-4ECB-83E8-498A0624EC5F}
	EndProjectSection
EndProject
Project("{8BC9CEB8-8B4A-11D0-8D11-00A0C91BC942}") = "applet", "applet.vcxproj", "{EC802808-C009-496B-8E3C-A55F69A31E08}"
EndProject
Project("{8BC9CEB8-8B4A-11D0-8D11-00A0C91BC942}") = "3rdparty", "3rdparty.vcxproj", "{2998AB1E-4FED-4936-B132-C7BA9DE6ECCB}"
EndProject
Project("{8BC9CEB8-8B4A-11D0-8D11-00A0C91BC942}") = "3rdparty2", "3rdparty2.vcxproj", "{FE931540-70C1-4A74-8CE9-ACF6F2F36F1A}"
	ProjectSection(ProjectDependencies) = postProject
		{2998AB1E-4FED-4936-B132-C7BA9DE6ECCB} = {2998AB1E-4FED-4936-B132-C7BA9DE6ECCB}
	EndProjectSection
EndProject
Project("{8BC9CEB8-8B4A-11D0-8D11-00A0C91BC942}") = "4libcartographer", "4libcartographer.vcxproj", "{A2E16D3A-FF17-4B0F-A4D3-935FD98BF541}"
	ProjectSection(ProjectDependencies) = postProject
		{4C009412-FBF3-4271-A0BE-66D4C8032599} = {4C009412-FBF3-4271-A0BE-66D4C8032599}
	EndProjectSection
EndProject
Project("{8BC9CEB8-8B4A-11D0-8D11-00A0C91BC942}") = "4libchromium", "4libchromium.vcxproj", "{FF97133C-7A32-469C-994D-0298FBD8FB25}"
	ProjectSection(ProjectDependencies) = postProject
		{FE931540-70C1-4A74-8CE9-ACF6F2F36F1A} = {FE931540-70C1-4A74-8CE9-ACF6F2F36F1A}
	EndProjectSection
EndProject
Project("{8BC9CEB8-8B4A-11D0-8D11-00A0C91BC942}") = "4libros", "4libros.vcxproj", "{4C009412-FBF3-4271-A0BE-66D4C8032599}"
	ProjectSection(ProjectDependencies) = postProject
		{FE931540-70C1-4A74-8CE9-ACF6F2F36F1A} = {FE931540-70C1-4A74-8CE9-ACF6F2F36F1A}
	EndProjectSection
EndProject
Project("{8BC9CEB8-8B4A-11D0-8D11-00A0C91BC942}") = "4librose", "4librose.vcxproj", "{CD5C07CC-2E4B-4ECB-83E8-498A0624EC5F}"
	ProjectSection(ProjectDependencies) = postProject
		{4F345112-D63B-4E27-A062-ED3C55E2B28B} = {4F345112-D63B-4E27-A062-ED3C55E2B28B}
		{A298C619-775B-4523-A148-A9BE62681DBE} = {A298C619-775B-4523-A148-A9BE62681DBE}
		{D4AD7090-1CC6-46A6-88AA-909749FCA1B4} = {D4AD7090-1CC6-46A6-88AA-909749FCA1B4}
		{FF97133C-7A32-469C-994D-0298FBD8FB25} = {FF97133C-7A32-469C-994D-0298FBD8FB25}
	EndProjectSection
EndProject
Project("{8BC9CEB8-8B4A-11D0-8D11-00A0C91BC942}") = "4libtensorflowlite", "4libtensorflowlite.vcxproj", "{D4AD7090-1CC6-46A6-88AA-909749FCA1B4}"
EndProject
Project("{8BC9CEB8-8B4A-11D0-8D11-00A0C91BC942}") = "4libffmpeg", "4libffmpeg.vcxproj", "{4F345112-D63B-4E27-A062-ED3C55E2B28B}"
EndProject
Project("{8BC9CEB8-8B4A-11D0-8D11-00A0C91BC942}") = "4libopenh264", "4libopenh264.vcxproj", "{A298C619-775B-4523-A148-A9BE62681DBE}"
EndProject
Project("{8BC9CEB8-8B4A-11D0-8D11-00A0C91BC942}") = "libleagor_khome", "libleagor_khome.vcxproj", "{0A9238FA-D611-42F3-A7EB-57F90CF19B7D}"
	ProjectSection(ProjectDependencies) = postProject
		{2998AB1E-4FED-4936-B132-C7BA9DE6ECCB} = {2998AB1E-4FED-4936-B132-C7BA9DE6ECCB}
		{4C009412-FBF3-4271-A0BE-66D4C8032599} = {4C009412-FBF3-4271-A0BE-66D4C8032599}
		{FE931540-70C1-4A74-8CE9-ACF6F2F36F1A} = {FE931540-70C1-4A74-8CE9-ACF6F2F36F1A}
	EndProjectSection
EndProject
Project("{8BC9CEB8-8B4A-11D0-8D11-00A0C91BC942}") = "4libmediapipe", "4libmediapipe.vcxproj", "{D19B6753-BD7B-4369-8ABF-FBDC5FF91AB7}"
	ProjectSection(ProjectDependencies) = postProject
		{2998AB1E-4FED-4936-B132-C7BA9DE6ECCB} = {2998AB1E-4FED-4936-B132-C7BA9DE6ECCB}
		{D4AD7090-1CC6-46A6-88AA-909749FCA1B4} = {D4AD7090-1CC6-46A6-88AA-909749FCA1B4}
		{FE931540-70C1-4A74-8CE9-ACF6F2F36F1A} = {FE931540-70C1-4A74-8CE9-ACF6F2F36F1A}
	EndProjectSection
EndProject
Project("{8BC9CEB8-8B4A-11D0-8D11-00A0C91BC942}") = "libleagor_basic", "libleagor_basic.vcxproj", "{D602631B-B294-4C24-9065-0D62FE481702}"
	ProjectSection(ProjectDependencies) = postProject
		{2998AB1E-4FED-4936-B132-C7BA9DE6ECCB} = {2998AB1E-4FED-4936-B132-C7BA9DE6ECCB}
		{4C009412-FBF3-4271-A0BE-66D4C8032599} = {4C009412-FBF3-4271-A0BE-66D4C8032599}
		{FE931540-70C1-4A74-8CE9-ACF6F2F36F1A} = {FE931540-70C1-4A74-8CE9-ACF6F2F36F1A}
	EndProjectSection
EndProject
Project("{8BC9CEB8-8B4A-11D0-8D11-00A0C91BC942}") = "libnlsd_basic", "libnlsd_basic.vcxproj", "{DE6590EC-428C-4F20-88AD-ED8FAED9693D}"
	ProjectSection(ProjectDependencies) = postProject
		{2998AB1E-4FED-4936-B132-C7BA9DE6ECCB} = {2998AB1E-4FED-4936-B132-C7BA9DE6ECCB}
		{4C009412-FBF3-4271-A0BE-66D4C8032599} = {4C009412-FBF3-4271-A0BE-66D4C8032599}
		{FE931540-70C1-4A74-8CE9-ACF6F2F36F1A} = {FE931540-70C1-4A74-8CE9-ACF6F2F36F1A}
	EndProjectSection
EndProject
Global
	GlobalSection(SolutionConfigurationPlatforms) = preSolution
		Debug|Win32 = Debug|Win32
		Debug|x64 = Debug|x64
		Release|Win32 = Release|Win32
		Release|x64 = Release|x64
	EndGlobalSection
	GlobalSection(ProjectConfigurationPlatforms) = postSolution
		{6EC051FD-663C-412E-864C-60113BFC21A7}.Debug|Win32.ActiveCfg = Release|Win32
		{6EC051FD-663C-412E-864C-60113BFC21A7}.Debug|Win32.Build.0 = Release|Win32
		{6EC051FD-663C-412E-864C-60113BFC21A7}.Debug|x64.ActiveCfg = Release|x64
		{6EC051FD-663C-412E-864C-60113BFC21A7}.Release|Win32.ActiveCfg = Release|Win32
		{6EC051FD-663C-412E-864C-60113BFC21A7}.Release|x64.ActiveCfg = Release|x64
		{6EC051FD-663C-412E-864C-60113BFC21A7}.Release|x64.Build.0 = Release|x64
		{EC802808-C009-496B-8E3C-A55F69A31E08}.Debug|Win32.ActiveCfg = Debug|Win32
		{EC802808-C009-496B-8E3C-A55F69A31E08}.Debug|x64.ActiveCfg = Debug|x64
		{EC802808-C009-496B-8E3C-A55F69A31E08}.Release|Win32.ActiveCfg = Release|Win32
		{EC802808-C009-496B-8E3C-A55F69A31E08}.Release|x64.ActiveCfg = Release|x64
		{2998AB1E-4FED-4936-B132-C7BA9DE6ECCB}.Debug|Win32.ActiveCfg = Debug|Win32
		{2998AB1E-4FED-4936-B132-C7BA9DE6ECCB}.Debug|Win32.Build.0 = Debug|Win32
		{2998AB1E-4FED-4936-B132-C7BA9DE6ECCB}.Debug|x64.ActiveCfg = Debug|x64
		{2998AB1E-4FED-4936-B132-C7BA9DE6ECCB}.Debug|x64.Build.0 = Debug|x64
		{2998AB1E-4FED-4936-B132-C7BA9DE6ECCB}.Release|Win32.ActiveCfg = Release|Win32
		{2998AB1E-4FED-4936-B132-C7BA9DE6ECCB}.Release|Win32.Build.0 = Release|Win32
		{2998AB1E-4FED-4936-B132-C7BA9DE6ECCB}.Release|x64.ActiveCfg = Release|x64
		{2998AB1E-4FED-4936-B132-C7BA9DE6ECCB}.Release|x64.Build.0 = Release|x64
		{FE931540-70C1-4A74-8CE9-ACF6F2F36F1A}.Debug|Win32.ActiveCfg = Debug|Win32
		{FE931540-70C1-4A74-8CE9-ACF6F2F36F1A}.Debug|Win32.Build.0 = Debug|Win32
		{FE931540-70C1-4A74-8CE9-ACF6F2F36F1A}.Debug|x64.ActiveCfg = Debug|x64
		{FE931540-70C1-4A74-8CE9-ACF6F2F36F1A}.Debug|x64.Build.0 = Debug|x64
		{FE931540-70C1-4A74-8CE9-ACF6F2F36F1A}.Release|Win32.ActiveCfg = Release|Win32
		{FE931540-70C1-4A74-8CE9-ACF6F2F36F1A}.Release|Win32.Build.0 = Release|Win32
		{FE931540-70C1-4A74-8CE9-ACF6F2F36F1A}.Release|x64.ActiveCfg = Release|x64
		{FE931540-70C1-4A74-8CE9-ACF6F2F36F1A}.Release|x64.Build.0 = Release|x64
		{A2E16D3A-FF17-4B0F-A4D3-935FD98BF541}.Debug|Win32.ActiveCfg = Debug|Win32
		{A2E16D3A-FF17-4B0F-A4D3-935FD98BF541}.Debug|Win32.Build.0 = Debug|Win32
		{A2E16D3A-FF17-4B0F-A4D3-935FD98BF541}.Debug|x64.ActiveCfg = Debug|x64
		{A2E16D3A-FF17-4B0F-A4D3-935FD98BF541}.Debug|x64.Build.0 = Debug|x64
		{A2E16D3A-FF17-4B0F-A4D3-935FD98BF541}.Release|Win32.ActiveCfg = Release|Win32
		{A2E16D3A-FF17-4B0F-A4D3-935FD98BF541}.Release|Win32.Build.0 = Release|Win32
		{A2E16D3A-FF17-4B0F-A4D3-935FD98BF541}.Release|x64.ActiveCfg = Release|x64
		{A2E16D3A-FF17-4B0F-A4D3-935FD98BF541}.Release|x64.Build.0 = Release|x64
		{FF97133C-7A32-469C-994D-0298FBD8FB25}.Debug|Win32.ActiveCfg = Release|Win32
		{FF97133C-7A32-469C-994D-0298FBD8FB25}.Debug|Win32.Build.0 = Release|Win32
		{FF97133C-7A32-469C-994D-0298FBD8FB25}.Debug|x64.ActiveCfg = Release|x64
		{FF97133C-7A32-469C-994D-0298FBD8FB25}.Debug|x64.Build.0 = Release|x64
		{FF97133C-7A32-469C-994D-0298FBD8FB25}.Release|Win32.ActiveCfg = Release|Win32
		{FF97133C-7A32-469C-994D-0298FBD8FB25}.Release|Win32.Build.0 = Release|Win32
		{FF97133C-7A32-469C-994D-0298FBD8FB25}.Release|x64.ActiveCfg = Release|x64
		{FF97133C-7A32-469C-994D-0298FBD8FB25}.Release|x64.Build.0 = Release|x64
		{4C009412-FBF3-4271-A0BE-66D4C8032599}.Debug|Win32.ActiveCfg = Release|Win32
		{4C009412-FBF3-4271-A0BE-66D4C8032599}.Debug|Win32.Build.0 = Release|Win32
		{4C009412-FBF3-4271-A0BE-66D4C8032599}.Debug|x64.ActiveCfg = Release|x64
		{4C009412-FBF3-4271-A0BE-66D4C8032599}.Debug|x64.Build.0 = Release|x64
		{4C009412-FBF3-4271-A0BE-66D4C8032599}.Release|Win32.ActiveCfg = Release|Win32
		{4C009412-FBF3-4271-A0BE-66D4C8032599}.Release|Win32.Build.0 = Release|Win32
		{4C009412-FBF3-4271-A0BE-66D4C8032599}.Release|x64.ActiveCfg = Release|x64
		{4C009412-FBF3-4271-A0BE-66D4C8032599}.Release|x64.Build.0 = Release|x64
		{CD5C07CC-2E4B-4ECB-83E8-498A0624EC5F}.Debug|Win32.ActiveCfg = Release|Win32
		{CD5C07CC-2E4B-4ECB-83E8-498A0624EC5F}.Debug|Win32.Build.0 = Release|Win32
		{CD5C07CC-2E4B-4ECB-83E8-498A0624EC5F}.Debug|x64.ActiveCfg = Release|x64
		{CD5C07CC-2E4B-4ECB-83E8-498A0624EC5F}.Debug|x64.Build.0 = Release|x64
		{CD5C07CC-2E4B-4ECB-83E8-498A0624EC5F}.Release|Win32.ActiveCfg = Release|Win32
		{CD5C07CC-2E4B-4ECB-83E8-498A0624EC5F}.Release|Win32.Build.0 = Release|Win32
		{CD5C07CC-2E4B-4ECB-83E8-498A0624EC5F}.Release|x64.ActiveCfg = Release|x64
		{CD5C07CC-2E4B-4ECB-83E8-498A0624EC5F}.Release|x64.Build.0 = Release|x64
		{D4AD7090-1CC6-46A6-88AA-909749FCA1B4}.Debug|Win32.ActiveCfg = Release|Win32
		{D4AD7090-1CC6-46A6-88AA-909749FCA1B4}.Debug|Win32.Build.0 = Release|Win32
		{D4AD7090-1CC6-46A6-88AA-909749FCA1B4}.Debug|x64.ActiveCfg = Release|x64
		{D4AD7090-1CC6-46A6-88AA-909749FCA1B4}.Debug|x64.Build.0 = Release|x64
		{D4AD7090-1CC6-46A6-88AA-909749FCA1B4}.Release|Win32.ActiveCfg = Release|Win32
		{D4AD7090-1CC6-46A6-88AA-909749FCA1B4}.Release|Win32.Build.0 = Release|Win32
		{D4AD7090-1CC6-46A6-88AA-909749FCA1B4}.Release|x64.ActiveCfg = Release|x64
		{D4AD7090-1CC6-46A6-88AA-909749FCA1B4}.Release|x64.Build.0 = Release|x64
		{4F345112-D63B-4E27-A062-ED3C55E2B28B}.Debug|Win32.ActiveCfg = Release|Win32
		{4F345112-D63B-4E27-A062-ED3C55E2B28B}.Debug|Win32.Build.0 = Release|Win32
		{4F345112-D63B-4E27-A062-ED3C55E2B28B}.Debug|x64.ActiveCfg = Release|x64
		{4F345112-D63B-4E27-A062-ED3C55E2B28B}.Debug|x64.Build.0 = Release|x64
		{4F345112-D63B-4E27-A062-ED3C55E2B28B}.Release|Win32.ActiveCfg = Release|Win32
		{4F345112-D63B-4E27-A062-ED3C55E2B28B}.Release|Win32.Build.0 = Release|Win32
		{4F345112-D63B-4E27-A062-ED3C55E2B28B}.Release|x64.ActiveCfg = Release|x64
		{4F345112-D63B-4E27-A062-ED3C55E2B28B}.Release|x64.Build.0 = Release|x64
		{A298C619-775B-4523-A148-A9BE62681DBE}.Debug|Win32.ActiveCfg = Debug|Win32
		{A298C619-775B-4523-A148-A9BE62681DBE}.Debug|Win32.Build.0 = Debug|Win32
		{A298C619-775B-4523-A148-A9BE62681DBE}.Debug|x64.ActiveCfg = Debug|x64
		{A298C619-775B-4523-A148-A9BE62681DBE}.Debug|x64.Build.0 = Debug|x64
		{A298C619-775B-4523-A148-A9BE62681DBE}.Release|Win32.ActiveCfg = Release|Win32
		{A298C619-775B-4523-A148-A9BE62681DBE}.Release|Win32.Build.0 = Release|Win32
		{A298C619-775B-4523-A148-A9BE62681DBE}.Release|x64.ActiveCfg = Release|x64
		{A298C619-775B-4523-A148-A9BE62681DBE}.Release|x64.Build.0 = Release|x64
		{0A9238FA-D611-42F3-A7EB-57F90CF19B7D}.Debug|Win32.ActiveCfg = Debug|Win32
		{0A9238FA-D611-42F3-A7EB-57F90CF19B7D}.Debug|Win32.Build.0 = Debug|Win32
		{0A9238FA-D611-42F3-A7EB-57F90CF19B7D}.Debug|x64.ActiveCfg = Debug|x64
		{0A9238FA-D611-42F3-A7EB-57F90CF19B7D}.Debug|x64.Build.0 = Debug|x64
		{0A9238FA-D611-42F3-A7EB-57F90CF19B7D}.Release|Win32.ActiveCfg = Release|Win32
		{0A9238FA-D611-42F3-A7EB-57F90CF19B7D}.Release|x64.ActiveCfg = Release|x64
		{D19B6753-BD7B-4369-8ABF-FBDC5FF91AB7}.Debug|Win32.ActiveCfg = Debug|Win32
		{D19B6753-BD7B-4369-8ABF-FBDC5FF91AB7}.Debug|Win32.Build.0 = Debug|Win32
		{D19B6753-BD7B-4369-8ABF-FBDC5FF91AB7}.Debug|x64.ActiveCfg = Debug|x64
		{D19B6753-BD7B-4369-8ABF-FBDC5FF91AB7}.Debug|x64.Build.0 = Debug|x64
		{D19B6753-BD7B-4369-8ABF-FBDC5FF91AB7}.Release|Win32.ActiveCfg = Release|Win32
		{D19B6753-BD7B-4369-8ABF-FBDC5FF91AB7}.Release|Win32.Build.0 = Release|Win32
		{D19B6753-BD7B-4369-8ABF-FBDC5FF91AB7}.Release|x64.ActiveCfg = Release|x64
		{D19B6753-BD7B-4369-8ABF-FBDC5FF91AB7}.Release|x64.Build.0 = Release|x64
		{D602631B-B294-4C24-9065-0D62FE481702}.Debug|Win32.ActiveCfg = Debug|Win32
		{D602631B-B294-4C24-9065-0D62FE481702}.Debug|Win32.Build.0 = Debug|Win32
		{D602631B-B294-4C24-9065-0D62FE481702}.Debug|x64.ActiveCfg = Debug|x64
		{D602631B-B294-4C24-9065-0D62FE481702}.Debug|x64.Build.0 = Debug|x64
		{D602631B-B294-4C24-9065-0D62FE481702}.Release|Win32.ActiveCfg = Release|Win32
		{D602631B-B294-4C24-9065-0D62FE481702}.Release|Win32.Build.0 = Release|Win32
		{D602631B-B294-4C24-9065-0D62FE481702}.Release|x64.ActiveCfg = Release|x64
		{DE6590EC-428C-4F20-88AD-ED8FAED9693D}.Debug|Win32.ActiveCfg = Debug|Win32
		{DE6590EC-428C-4F20-88AD-ED8FAED9693D}.Debug|Win32.Build.0 = Debug|Win32
		{DE6590EC-428C-4F20-88AD-ED8FAED9693D}.Debug|x64.ActiveCfg = Debug|x64
		{DE6590EC-428C-4F20-88AD-ED8FAED9693D}.Debug|x64.Build.0 = Debug|x64
		{DE6590EC-428C-4F20-88AD-ED8FAED9693D}.Release|Win32.ActiveCfg = Release|Win32
		{DE6590EC-428C-4F20-88AD-ED8FAED9693D}.Release|Win32.Build.0 = Release|Win32
		{DE6590EC-428C-4F20-88AD-ED8FAED9693D}.Release|x64.ActiveCfg = Release|x64
	EndGlobalSection
	GlobalSection(SolutionProperties) = preSolution
		HideSolutionNode = FALSE
	EndGlobalSection
	GlobalSection(ExtensibilityGlobals) = postSolution
		SolutionGuid = {9288EE17-7012-4363-A23A-277DE9342B0B}
	EndGlobalSection
EndGlobal
