<?xml version="1.0" encoding="utf-8"?>
<Project ToolsVersion="4.0" xmlns="http://schemas.microsoft.com/developer/msbuild/2003">
  <ItemGroup>
    <Filter Include="Source Files">
      <UniqueIdentifier>{4FC737F1-C7A5-4376-A066-2A32D752A2FF}</UniqueIdentifier>
      <Extensions>cpp;c;cc;cxx;c++;cppm;ixx;def;odl;idl;hpj;bat;asm;asmx</Extensions>
    </Filter>
    <Filter Include="Header Files">
      <UniqueIdentifier>{93995380-89BD-4b04-88EB-625FBE52EBFB}</UniqueIdentifier>
      <Extensions>h;hh;hpp;hxx;h++;hm;inl;inc;ipp;xsd</Extensions>
    </Filter>
    <Filter Include="Resource Files">
      <UniqueIdentifier>{67DA6AB6-F800-4c08-8B7A-83BB121AAD01}</UniqueIdentifier>
      <Extensions>rc;ico;cur;bmp;dlg;rc2;rct;bin;rgs;gif;jpg;jpeg;jpe;resx;tiff;tif;png;wav;mfcribbon-ms</Extensions>
    </Filter>
    <Filter Include="dface">
      <UniqueIdentifier>{b05b529c-678a-4595-bc6e-f1fe8c281ff0}</UniqueIdentifier>
    </Filter>
  </ItemGroup>
  <ItemGroup>
    <ClCompile Include="..\..\libleagor_khome\aplt_main.cpp">
      <Filter>Source Files</Filter>
    </ClCompile>
    <ClCompile Include="..\..\libleagor_khome\block_task.cpp">
      <Filter>Source Files</Filter>
    </ClCompile>
    <ClCompile Include="..\..\libleagor_khome\task_api.cpp">
      <Filter>Source Files</Filter>
    </ClCompile>
    <ClCompile Include="..\..\libleagor_khome\camera_task.cpp">
      <Filter>Source Files</Filter>
    </ClCompile>
    <ClCompile Include="..\..\libleagor_khome\kface.cpp">
      <Filter>Source Files</Filter>
    </ClCompile>
    <ClCompile Include="..\..\libleagor_khome\df_sdk.cpp">
      <Filter>Source Files</Filter>
    </ClCompile>
    <ClCompile Include="..\..\libleagor_khome\faceprint_util.cpp">
      <Filter>Source Files</Filter>
    </ClCompile>
    <ClCompile Include="..\..\libleagor_khome\kpose.cpp">
      <Filter>Source Files</Filter>
    </ClCompile>
  </ItemGroup>
  <ItemGroup>
    <ClInclude Include="..\..\libleagor_khome\block_task.hpp">
      <Filter>Header Files</Filter>
    </ClInclude>
    <ClInclude Include="..\..\libleagor_khome\common.hpp">
      <Filter>Header Files</Filter>
    </ClInclude>
    <ClInclude Include="..\..\libleagor_khome\task_api.hpp">
      <Filter>Header Files</Filter>
    </ClInclude>
    <ClInclude Include="..\..\libleagor_khome\camera_task.hpp">
      <Filter>Header Files</Filter>
    </ClInclude>
    <ClInclude Include="..\..\libleagor_khome\kface.hpp">
      <Filter>Header Files</Filter>
    </ClInclude>
    <ClInclude Include="..\..\libleagor_khome\include\dface\api.h">
      <Filter>dface</Filter>
    </ClInclude>
    <ClInclude Include="..\..\libleagor_khome\include\dface\c_api.h">
      <Filter>dface</Filter>
    </ClInclude>
    <ClInclude Include="..\..\libleagor_khome\include\dface\common.h">
      <Filter>dface</Filter>
    </ClInclude>
    <ClInclude Include="..\..\libleagor_khome\include\dface\face_base.h">
      <Filter>dface</Filter>
    </ClInclude>
    <ClInclude Include="..\..\libleagor_khome\include\dface\face_detector.h">
      <Filter>dface</Filter>
    </ClInclude>
    <ClInclude Include="..\..\libleagor_khome\include\dface\face_feature_comparator.h">
      <Filter>dface</Filter>
    </ClInclude>
    <ClInclude Include="..\..\libleagor_khome\include\dface\face_feature_extractor.h">
      <Filter>dface</Filter>
    </ClInclude>
    <ClInclude Include="..\..\libleagor_khome\include\dface\face_image_utils.h">
      <Filter>dface</Filter>
    </ClInclude>
    <ClInclude Include="..\..\libleagor_khome\include\dface\face_mask_detector.h">
      <Filter>dface</Filter>
    </ClInclude>
    <ClInclude Include="..\..\libleagor_khome\include\dface\face_nir_liveness_detector.h">
      <Filter>dface</Filter>
    </ClInclude>
    <ClInclude Include="..\..\libleagor_khome\include\dface\face_quality_assessor.h">
      <Filter>dface</Filter>
    </ClInclude>
    <ClInclude Include="..\..\libleagor_khome\include\dface\face_rgb_liveness_detector.h">
      <Filter>dface</Filter>
    </ClInclude>
    <ClInclude Include="..\..\libleagor_khome\include\dface\face_tracker.h">
      <Filter>dface</Filter>
    </ClInclude>
    <ClInclude Include="..\..\libleagor_khome\include\dface\license_manager.h">
      <Filter>dface</Filter>
    </ClInclude>
    <ClInclude Include="..\..\libleagor_khome\include\dface\utils.h">
      <Filter>dface</Filter>
    </ClInclude>
    <ClInclude Include="..\..\libleagor_khome\face_sdk.hpp">
      <Filter>Header Files</Filter>
    </ClInclude>
    <ClInclude Include="..\..\libleagor_khome\faceprint_util.hpp">
      <Filter>Header Files</Filter>
    </ClInclude>
    <ClInclude Include="..\..\libleagor_khome\kpose.hpp">
      <Filter>Header Files</Filter>
    </ClInclude>
  </ItemGroup>
</Project>